
Microsoft Visual Studio Solution File, Format Version 9.00
# Visual Studio 2005
Project("{FAE04EC0-301F-11D3-BF4B-00C04F79EFBC}") = "TraveLineTransitServices", "TraveLineTransitServices\TraveLineTransitServices.csproj", "{BBC097F3-3697-4815-B217-525C55A341BE}"
EndProject
Global
	GlobalSection(SolutionConfigurationPlatforms) = preSolution
		Debug|Any CPU = Debug|Any CPU
		Release|Any CPU = Release|Any CPU
	EndGlobalSection
	GlobalSection(ProjectConfigurationPlatforms) = postSolution
		{BBC097F3-3697-4815-B217-525C55A341BE}.Debug|Any CPU.ActiveCfg = Debug|Any CPU
		{BBC097F3-3697-4815-B217-525C55A341BE}.Debug|Any CPU.Build.0 = Debug|Any CPU
		{BBC097F3-3697-4815-B217-525C55A341BE}.Release|Any CPU.ActiveCfg = Release|Any CPU
		{BBC097F3-3697-4815-B217-525C55A341BE}.Release|Any CPU.Build.0 = Release|Any CPU
	EndGlobalSection
	GlobalSection(SolutionProperties) = preSolution
		HideSolutionNode = FALSE
	EndGlobalSection
EndGlobal
